// !$*UTF8*$!
{
	archiveVersion = 1;
	classes = {
	};
	objectVersion = 46;
	objects = {

/* Begin PBXBuildFile section */
		FD2DC1651C9BD93A0084981A /* AppDelegate.swift in Sources */ = {isa = PBXBuildFile; fileRef = FD2DC1641C9BD93A0084981A /* AppDelegate.swift */; };
		FD2DC1671C9BD93A0084981A /* ViewController.swift in Sources */ = {isa = PBXBuildFile; fileRef = FD2DC1661C9BD93A0084981A /* ViewController.swift */; };
		FD2DC16A1C9BD93A0084981A /* Main.storyboard in Resources */ = {isa = PBXBuildFile; fileRef = FD2DC1681C9BD93A0084981A /* Main.storyboard */; };
		FD2DC16C1C9BD93A0084981A /* Assets.xcassets in Resources */ = {isa = PBXBuildFile; fileRef = FD2DC16B1C9BD93A0084981A /* Assets.xcassets */; };
		FD2DC16F1C9BD93A0084981A /* LaunchScreen.storyboard in Resources */ = {isa = PBXBuildFile; fileRef = FD2DC16D1C9BD93A0084981A /* LaunchScreen.storyboard */; };
		FD2DC1771C9BDCEA0084981A /* SEGradualTabBarController.swift in Sources */ = {isa = PBXBuildFile; fileRef = FD2DC1761C9BDCEA0084981A /* SEGradualTabBarController.swift */; };
/* End PBXBuildFile section */

/* Begin PBXFileReference section */
		FD2DC1611C9BD93A0084981A /* GradualTabBarControllerDemo.app */ = {isa = PBXFileReference; explicitFileType = wrapper.application; includeInIndex = 0; path = GradualTabBarControllerDemo.app; sourceTree = BUILT_PRODUCTS_DIR; };
		FD2DC1641C9BD93A0084981A /* AppDelegate.swift */ = {isa = PBXFileReference; lastKnownFileType = sourcecode.swift; path = AppDelegate.swift; sourceTree = "<group>"; };
		FD2DC1661C9BD93A0084981A /* ViewController.swift */ = {isa = PBXFileReference; lastKnownFileType = sourcecode.swift; path = ViewController.swift; sourceTree = "<group>"; };
		FD2DC1691C9BD93A0084981A /* Base */ = {isa = PBXFileReference; lastKnownFileType = file.storyboard; name = Base; path = Base.lproj/Main.storyboard; sourceTree = "<group>"; };
		FD2DC16B1C9BD93A0084981A /* Assets.xcassets */ = {isa = PBXFileReference; lastKnownFileType = folder.assetcatalog; path = Assets.xcassets; sourceTree = "<group>"; };
		FD2DC16E1C9BD93A0084981A /* Base */ = {isa = PBXFileReference; lastKnownFileType = file.storyboard; name = Base; path = Base.lproj/LaunchScreen.storyboard; sourceTree = "<group>"; };
		FD2DC1701C9BD93A0084981A /* Info.plist */ = {isa = PBXFileReference; lastKnownFileType = text.plist.xml; path = Info.plist; sourceTree = "<group>"; };
		FD2DC1761C9BDCEA0084981A /* SEGradualTabBarController.swift */ = {isa = PBXFileReference; fileEncoding = 4; lastKnownFileType = sourcecode.swift; path = SEGradualTabBarController.swift; sourceTree = "<group>"; };
/* End PBXFileReference section */

/* Begin PBXFrameworksBuildPhase section */
		FD2DC15E1C9BD93A0084981A /* Frameworks */ = {
			isa = PBXFrameworksBuildPhase;
			buildActionMask = 2147483647;
			files = (
			);
			runOnlyForDeploymentPostprocessing = 0;
		};
/* End PBXFrameworksBuildPhase section */

/* Begin PBXGroup section */
		FD2DC1581C9BD93A0084981A = {
			isa = PBXGroup;
			children = (
				FD2DC1631C9BD93A0084981A /* GradualTabBarControllerDemo */,
				FD2DC1621C9BD93A0084981A /* Products */,
			);
			sourceTree = "<group>";
		};
		FD2DC1621C9BD93A0084981A /* Products */ = {
			isa = PBXGroup;
			children = (
				FD2DC1611C9BD93A0084981A /* GradualTabBarControllerDemo.app */,
			);
			name = Products;
			sourceTree = "<group>";
		};
		FD2DC1631C9BD93A0084981A /* GradualTabBarControllerDemo */ = {
			isa = PBXGroup;
			children = (
				FD2DC1641C9BD93A0084981A /* AppDelegate.swift */,
				FD2DC1661C9BD93A0084981A /* ViewController.swift */,
				FD2DC1761C9BDCEA0084981A /* SEGradualTabBarController.swift */,
				FD2DC1681C9BD93A0084981A /* Main.storyboard */,
				FD2DC16B1C9BD93A0084981A /* Assets.xcassets */,
				FD2DC16D1C9BD93A0084981A /* LaunchScreen.storyboard */,
				FD2DC1701C9BD93A0084981A /* Info.plist */,
			);
			path = GradualTabBarControllerDemo;
			sourceTree = "<group>";
		};
/* End PBXGroup section */

/* Begin PBXNativeTarget section */
		FD2DC1601C9BD93A0084981A /* GradualTabBarControllerDemo */ = {
			isa = PBXNativeTarget;
			buildConfigurationList = FD2DC1731C9BD93A0084981A /* Build configuration list for PBXNativeTarget "GradualTabBarControllerDemo" */;
			buildPhases = (
				FD2DC15D1C9BD93A0084981A /* Sources */,
				FD2DC15E1C9BD93A0084981A /* Frameworks */,
				FD2DC15F1C9BD93A0084981A /* Resources */,
			);
			buildRules = (
			);
			dependencies = (
			);
			name = GradualTabBarControllerDemo;
			productName = GradualTabBarControllerDemo;
			productReference = FD2DC1611C9BD93A0084981A /* GradualTabBarControllerDemo.app */;
			productType = "com.apple.product-type.application";
		};
/* End PBXNativeTarget section */

/* Begin PBXProject section */
		FD2DC1591C9BD93A0084981A /* Project object */ = {
			isa = PBXProject;
			attributes = {
				LastSwiftUpdateCheck = 0720;
				LastUpgradeCheck = 0720;
				ORGANIZATIONNAME = seedante;
				TargetAttributes = {
					FD2DC1601C9BD93A0084981A = {
						CreatedOnToolsVersion = 7.2.1;
						DevelopmentTeam = 6Z8XUV9H6J;
					};
				};
			};
			buildConfigurationList = FD2DC15C1C9BD93A0084981A /* Build configuration list for PBXProject "GradualTabBarControllerDemo" */;
			compatibilityVersion = "Xcode 3.2";
			developmentRegion = English;
			hasScannedForEncodings = 0;
			knownRegions = (
				en,
				Base,
			);
			mainGroup = FD2DC1581C9BD93A0084981A;
			productRefGroup = FD2DC1621C9BD93A0084981A /* Products */;
			projectDirPath = "";
			projectRoot = "";
			targets = (
				FD2DC1601C9BD93A0084981A /* GradualTabBarControllerDemo */,
			);
		};
/* End PBXProject section */

/* Begin PBXResourcesBuildPhase section */
		FD2DC15F1C9BD93A0084981A /* Resources */ = {
			isa = PBXResourcesBuildPhase;
			buildActionMask = 2147483647;
			files = (
				FD2DC16F1C9BD93A0084981A /* LaunchScreen.storyboard in Resources */,
				FD2DC16C1C9BD93A0084981A /* Assets.xcassets in Resources */,
				FD2DC16A1C9BD93A0084981A /* Main.storyboard in Resources */,
			);
			runOnlyForDeploymentPostprocessing = 0;
		};
/* End PBXResourcesBuildPhase section */

/* Begin PBXSourcesBuildPhase section */
		FD2DC15D1C9BD93A0084981A /* Sources */ = {
			isa = PBXSourcesBuildPhase;
			buildActionMask = 2147483647;
			files = (
				FD2DC1671C9BD93A0084981A /* ViewController.swift in Sources */,
				FD2DC1771C9BDCEA0084981A /* SEGradualTabBarController.swift in Sources */,
				FD2DC1651C9BD93A0084981A /* AppDelegate.swift in Sources */,
			);
			runOnlyForDeploymentPostprocessing = 0;
		};
/* End PBXSourcesBuildPhase section */

/* Begin PBXVariantGroup section */
		FD2DC1681C9BD93A0084981A /* Main.storyboard */ = {
			isa = PBXVariantGroup;
			children = (
				FD2DC1691C9BD93A0084981A /* Base */,
			);
			name = Main.storyboard;
			sourceTree = "<group>";
		};
		FD2DC16D1C9BD93A0084981A /* LaunchScreen.storyboard */ = {
			isa = PBXVariantGroup;
			children = (
				FD2DC16E1C9BD93A0084981A /* Base */,
			);
			name = LaunchScreen.storyboard;
			sourceTree = "<group>";
		};
/* End PBXVariantGroup section */

/* Begin XCBuildConfiguration section */
		FD2DC1711C9BD93A0084981A /* Debug */ = {
			isa = XCBuildConfiguration;
			buildSettings = {
				ALWAYS_SEARCH_USER_PATHS = NO;
				CLANG_CXX_LANGUAGE_STANDARD = "gnu++0x";
				CLANG_CXX_LIBRARY = "libc++";
				CLANG_ENABLE_MODULES = YES;
				CLANG_ENABLE_OBJC_ARC = YES;
				CLANG_WARN_BOOL_CONVERSION = YES;
				CLANG_WARN_CONSTANT_CONVERSION = YES;
				CLANG_WARN_DIRECT_OBJC_ISA_USAGE = YES_ERROR;
				CLANG_WARN_EMPTY_BODY = YES;
				CLANG_WARN_ENUM_CONVERSION = YES;
				CLANG_WARN_INT_CONVERSION = YES;
				CLANG_WARN_OBJC_ROOT_CLASS = YES_ERROR;
				CLANG_WARN_UNREACHABLE_CODE = YES;
				CLANG_WARN__DUPLICATE_METHOD_MATCH = YES;
				"CODE_SIGN_IDENTITY[sdk=iphoneos*]" = "iPhone Developer";
				COPY_PHASE_STRIP = NO;
				DEBUG_INFORMATION_FORMAT = dwarf;
				ENABLE_STRICT_OBJC_MSGSEND = YES;
				ENABLE_TESTABILITY = YES;
				GCC_C_LANGUAGE_STANDARD = gnu99;
				GCC_DYNAMIC_NO_PIC = NO;
				GCC_NO_COMMON_BLOCKS = YES;
				GCC_OPTIMIZATION_LEVEL = 0;
				GCC_PREPROCESSOR_DEFINITIONS = (
					"DEBUG=1",
					"$(inherited)",
				);
				GCC_WARN_64_TO_32_BIT_CONVERSION = YES;
				GCC_WARN_ABOUT_RETURN_TYPE = YES_ERROR;
				GCC_WARN_UNDECLARED_SELECTOR = YES;
				GCC_WARN_UNINITIALIZED_AUTOS = YES_AGGRESSIVE;
				GCC_WARN_UNUSED_FUNCTION = YES;
				GCC_WARN_UNUSED_VARIABLE = YES;
				IPHONEOS_DEPLOYMENT_TARGET = 9.2;
				MTL_ENABLE_DEBUG_INFO = YES;
				ONLY_ACTIVE_ARCH = YES;
				SDKROOT = iphoneos;
				SWIFT_OPTIMIZATION_LEVEL = "-Onone";
				TARGETED_DEVICE_FAMILY = "1,2";
			};
			name = Debug;
		};
		FD2DC1721C9BD93A0084981A /* Release */ = {
			isa = XCBuildConfiguration;
			buildSettings = {
				ALWAYS_SEARCH_USER_PATHS = NO;
				CLANG_CXX_LANGUAGE_STANDARD = "gnu++0x";
				CLANG_CXX_LIBRARY = "libc++";
				CLANG_ENABLE_MODULES = YES;
				CLANG_ENABLE_OBJC_ARC = YES;
				CLANG_WARN_BOOL_CONVERSION = YES;
				CLANG_WARN_CONSTANT_CONVERSION = YES;
				CLANG_WARN_DIRECT_OBJC_ISA_USAGE = YES_ERROR;
				CLANG_WARN_EMPTY_BODY = YES;
				CLANG_WARN_ENUM_CONVERSION = YES;
				CLANG_WARN_INT_CONVERSION = YES;
				CLANG_WARN_OBJC_ROOT_CLASS = YES_ERROR;
				CLANG_WARN_UNREACHABLE_CODE = YES;
				CLANG_WARN__DUPLICATE_METHOD_MATCH = YES;
				"CODE_SIGN_IDENTITY[sdk=iphoneos*]" = "iPhone Developer";
				COPY_PHASE_STRIP = NO;
				DEBUG_INFORMATION_FORMAT = "dwarf-with-dsym";
				ENABLE_NS_ASSERTIONS = NO;
				ENABLE_STRICT_OBJC_MSGSEND = YES;
				GCC_C_LANGUAGE_STANDARD = gnu99;
				GCC_NO_COMMON_BLOCKS = YES;
				GCC_WARN_64_TO_32_BIT_CONVERSION = YES;
				GCC_WARN_ABOUT_RETURN_TYPE = YES_ERROR;
				GCC_WARN_UNDECLARED_SELECTOR = YES;
				GCC_WARN_UNINITIALIZED_AUTOS = YES_AGGRESSIVE;
				GCC_WARN_UNUSED_FUNCTION = YES;
				GCC_WARN_UNUSED_VARIABLE = YES;
				IPHONEOS_DEPLOYMENT_TARGET = 9.2;
				MTL_ENABLE_DEBUG_INFO = NO;
				SDKROOT = iphoneos;
				TARGETED_DEVICE_FAMILY = "1,2";
				VALIDATE_PRODUCT = YES;
			};
			name = Release;
		};
		FD2DC1741C9BD93A0084981A /* Debug */ = {
			isa = XCBuildConfiguration;
			buildSettings = {
				ASSETCATALOG_COMPILER_APPICON_NAME = AppIcon;
				INFOPLIST_FILE = GradualTabBarControllerDemo/Info.plist;
				IPHONEOS_DEPLOYMENT_TARGET = 7.0;
				LD_RUNPATH_SEARCH_PATHS = "$(inherited) @executable_path/Frameworks";
				PRODUCT_BUNDLE_IDENTIFIER = seedante.GradualTabBarControllerDemo;
				PRODUCT_NAME = "$(TARGET_NAME)";
			};
			name = Debug;
		};
		FD2DC1751C9BD93A0084981A /* Release */ = {
			isa = XCBuildConfiguration;
			buildSettings = {
				ASSETCATALOG_COMPILER_APPICON_NAME = AppIcon;
				INFOPLIST_FILE = GradualTabBarControllerDemo/Info.plist;
				IPHONEOS_DEPLOYMENT_TARGET = 7.0;
				LD_RUNPATH_SEARCH_PATHS = "$(inherited) @executable_path/Frameworks";
				PRODUCT_BUNDLE_IDENTIFIER = seedante.GradualTabBarControllerDemo;
				PRODUCT_NAME = "$(TARGET_NAME)";
			};
			name = Release;
		};
/* End XCBuildConfiguration section */

/* Begin XCConfigurationList section */
		FD2DC15C1C9BD93A0084981A /* Build configuration list for PBXProject "GradualTabBarControllerDemo" */ = {
			isa = XCConfigurationList;
			buildConfigurations = (
				FD2DC1711C9BD93A0084981A /* Debug */,
				FD2DC1721C9BD93A0084981A /* Release */,
			);
			defaultConfigurationIsVisible = 0;
			defaultConfigurationName = Release;
		};
		FD2DC1731C9BD93A0084981A /* Build configuration list for PBXNativeTarget "GradualTabBarControllerDemo" */ = {
			isa = XCConfigurationList;
			buildConfigurations = (
				FD2DC1741C9BD93A0084981A /* Debug */,
				FD2DC1751C9BD93A0084981A /* Release */,
			);
			defaultConfigurationIsVisible = 0;
		};
/* End XCConfigurationList section */
	};
	rootObject = FD2DC1591C9BD93A0084981A /* Project object */;
}
